{
  "name": "football-live-score-app",
  "version": "1.0.0",
  "lockfileVersion": 3,
  "requires": true,
  "packages": {
    "": {
      "name": "football-live-score-app",
      "version": "1.0.0",
      "license": "MIT",
      "dependencies": {
        "fivedollarfootball": "^0.1.3"
      },
      "engines": {
        "node": ">=18"
      }
    },
    "node_modules/fivedollarfootball": {
      "version": "0.1.3",
      "resolved": "https://registry.npmjs.org/fivedollarfootball/-/fivedollarfootball-0.1.3.tgz",
      "integrity": "sha512-7UBmXxbnJRNEPjGaDhyzOdiLantRhZHJLByYDqemviKSJTRvfpsKtfGNl3wV9WubcgmPEKNT9CLLjj08mG3RDQ==",
      "license": "MIT",
      "engines": {
        "node": ">=18"
      }
    }
  }
}
